
Microsoft Visual Studio Solution File, Format Version 12.00
# Visual Studio 15
VisualStudioVersion = 15.0.27130.2027
MinimumVisualStudioVersion = 10.0.40219.1
Project("{8BC9CEB8-8B4A-11D0-8D11-00A0C91BC942}") = "Shapes", "Shapes\Shapes.vcxproj", "{03D5E73B-09C8-44CD-B163-540796F1655C}"
EndProject
Project("{8BC9CEB8-8B4A-11D0-8D11-00A0C91BC942}") = "ShapesTests", "ShapesTests\ShapesTests.vcxproj", "{8B4B3C95-0DC4-4723-A3D0-348BB9077622}"
EndProject
Global
	GlobalSection(SolutionConfigurationPlatforms) = preSolution
		Debug|x64 = Debug|x64
		Debug|x86 = Debug|x86
		Release|x64 = Release|x64
		Release|x86 = Release|x86
	EndGlobalSection
	GlobalSection(ProjectConfigurationPlatforms) = postSolution
		{03D5E73B-09C8-44CD-B163-540796F1655C}.Debug|x64.ActiveCfg = Debug|x64
		{03D5E73B-09C8-44CD-B163-540796F1655C}.Debug|x64.Build.0 = Debug|x64
		{03D5E73B-09C8-44CD-B163-540796F1655C}.Debug|x86.ActiveCfg = Debug|Win32
		{03D5E73B-09C8-44CD-B163-540796F1655C}.Debug|x86.Build.0 = Debug|Win32
		{03D5E73B-09C8-44CD-B163-540796F1655C}.Release|x64.ActiveCfg = Release|x64
		{03D5E73B-09C8-44CD-B163-540796F1655C}.Release|x64.Build.0 = Release|x64
		{03D5E73B-09C8-44CD-B163-540796F1655C}.Release|x86.ActiveCfg = Release|Win32
		{03D5E73B-09C8-44CD-B163-540796F1655C}.Release|x86.Build.0 = Release|Win32
		{8B4B3C95-0DC4-4723-A3D0-348BB9077622}.Debug|x64.ActiveCfg = Debug|x64
		{8B4B3C95-0DC4-4723-A3D0-348BB9077622}.Debug|x64.Build.0 = Debug|x64
		{8B4B3C95-0DC4-4723-A3D0-348BB9077622}.Debug|x86.ActiveCfg = Debug|Win32
		{8B4B3C95-0DC4-4723-A3D0-348BB9077622}.Debug|x86.Build.0 = Debug|Win32
		{8B4B3C95-0DC4-4723-A3D0-348BB9077622}.Release|x64.ActiveCfg = Release|x64
		{8B4B3C95-0DC4-4723-A3D0-348BB9077622}.Release|x64.Build.0 = Release|x64
		{8B4B3C95-0DC4-4723-A3D0-348BB9077622}.Release|x86.ActiveCfg = Release|Win32
		{8B4B3C95-0DC4-4723-A3D0-348BB9077622}.Release|x86.Build.0 = Release|Win32
	EndGlobalSection
	GlobalSection(SolutionProperties) = preSolution
		HideSolutionNode = FALSE
	EndGlobalSection
	GlobalSection(ExtensibilityGlobals) = postSolution
		SolutionGuid = {90AA4F25-94CA-4508-8D11-9654BA9FFF86}
	EndGlobalSection
EndGlobal
